{
  "version": "2",
  "remote": {
    "https://deno.land/std@0.154.0/_deno_unstable.ts": "4ddb8672d49d58b5bbc4a5a7a2f1b3bce4fd06aa4c8b8476728334391667de7b",
    "https://deno.land/std@0.154.0/_util/assert.ts": "e94f2eb37cebd7f199952e242c77654e43333c1ac4c5c700e929ea3aa5489f74",
    "https://deno.land/std@0.154.0/_util/os.ts": "3b4c6e27febd119d36a416d7a97bd3b0251b77c88942c8f16ee5953ea13e2e49",
    "https://deno.land/std@0.154.0/async/abortable.ts": "87aa7230be8360c24ad437212311c9e8d4328854baec27b4c7abb26e85515c06",
    "https://deno.land/std@0.154.0/async/deadline.ts": "48ac998d7564969f3e6ec6b6f9bf0217ebd00239b1b2292feba61272d5dd58d0",
    "https://deno.land/std@0.154.0/async/debounce.ts": "de5433bff08a2bb61416fc53b3bd2d5867090c8a815465e5b4a10a77495b1051",
    "https://deno.land/std@0.154.0/async/deferred.ts": "c01de44b9192359cebd3fe93273fcebf9e95110bf3360023917da9a2d1489fae",
    "https://deno.land/std@0.154.0/async/delay.ts": "d5a169caede8e1c5d46b3f25eab97db5fd1ab193fc82a53bafd3642ac42ca3c7",
    "https://deno.land/std@0.154.0/async/mod.ts": "dd0a8ed4f3984ffabe2fcca7c9f466b7932d57b1864ffee148a5d5388316db6b",
    "https://deno.land/std@0.154.0/async/mux_async_iterator.ts": "3447b28a2a582224a3d4d3596bccbba6e85040da3b97ed64012f7decce98d093",
    "https://deno.land/std@0.154.0/async/pool.ts": "ef9eb97b388543acbf0ac32647121e4dbe629236899586c4d4311a8770fbb239",
    "https://deno.land/std@0.154.0/async/tee.ts": "d27680d911816fcb3d231e16d690e7588079e66a9b2e5ce8cc354db94fdce95f",
    "https://deno.land/std@0.154.0/bytes/bytes_list.ts": "aba5e2369e77d426b10af1de0dcc4531acecec27f9b9056f4f7bfbf8ac147ab4",
    "https://deno.land/std@0.154.0/bytes/equals.ts": "3c3558c3ae85526f84510aa2b48ab2ad7bdd899e2e0f5b7a8ffc85acb3a6043a",
    "https://deno.land/std@0.154.0/bytes/mod.ts": "763f97d33051cc3f28af1a688dfe2830841192a9fea0cbaa55f927b49d49d0bf",
    "https://deno.land/std@0.154.0/datetime/formatter.ts": "7c8e6d16a0950f400aef41b9f1eb9168249869776ec520265dfda785d746589e",
    "https://deno.land/std@0.154.0/datetime/mod.ts": "701f01f0a3c9d4a6e7802ad245ac6dbef1118bdb104ef7965107d6dd8a0ebaf9",
    "https://deno.land/std@0.154.0/datetime/tokenizer.ts": "7381e28f6ab51cb504c7e132be31773d73ef2f3e1e50a812736962b9df1e8c47",
    "https://deno.land/std@0.154.0/http/cookie.ts": "7a61e920f19c9c3ee8e07befe5fe5a530114d6babefd9ba2c50594cab724a822",
    "https://deno.land/std@0.154.0/http/http_status.ts": "897575a7d6bc2b9123f6a38ecbc0f03d95a532c5d92029315dc9f508e12526b8",
    "https://deno.land/std@0.154.0/http/server.ts": "e2e16f0b124ffef022ad04797d4250d6e4fc0d9579780999091949b17789dd1a",
    "https://deno.land/std@0.154.0/io/buffer.ts": "fae02290f52301c4e0188670e730cd902f9307fb732d79c4aa14ebdc82497289",
    "https://deno.land/std@0.154.0/io/types.d.ts": "0cae3a62da7a37043661746c65c021058bae020b54e50c0e774916e5d4baee43",
    "https://deno.land/std@0.154.0/path/_constants.ts": "df1db3ffa6dd6d1252cc9617e5d72165cd2483df90e93833e13580687b6083c3",
    "https://deno.land/std@0.154.0/path/_interface.ts": "ee3b431a336b80cf445441109d089b70d87d5e248f4f90ff906820889ecf8d09",
    "https://deno.land/std@0.154.0/path/_util.ts": "d16be2a16e1204b65f9d0dfc54a9bc472cafe5f4a190b3c8471ec2016ccd1677",
    "https://deno.land/std@0.154.0/path/common.ts": "bee563630abd2d97f99d83c96c2fa0cca7cee103e8cb4e7699ec4d5db7bd2633",
    "https://deno.land/std@0.154.0/path/glob.ts": "cb5255638de1048973c3e69e420c77dc04f75755524cb3b2e160fe9277d939ee",
    "https://deno.land/std@0.154.0/path/mod.ts": "56fec03ad0ebd61b6ab39ddb9b0ddb4c4a5c9f2f4f632e09dd37ec9ebfd722ac",
    "https://deno.land/std@0.154.0/path/posix.ts": "c1f7afe274290ea0b51da07ee205653b2964bd74909a82deb07b69a6cc383aaa",
    "https://deno.land/std@0.154.0/path/separator.ts": "fe1816cb765a8068afb3e8f13ad272351c85cbc739af56dacfc7d93d710fe0f9",
    "https://deno.land/std@0.154.0/path/win32.ts": "bd7549042e37879c68ff2f8576a25950abbfca1d696d41d82c7bca0b7e6f452c",
    "https://deno.land/std@0.154.0/streams/conversion.ts": "fc4eb76a14148c43f0b85e903a5a1526391aa40ed9434dc21e34f88304eb823e",
    "https://deno.land/std@0.175.0/_util/asserts.ts": "178dfc49a464aee693a7e285567b3d0b555dc805ff490505a8aae34f9cfb1462",
    "https://deno.land/std@0.175.0/_util/os.ts": "d932f56d41e4f6a6093d56044e29ce637f8dcc43c5a90af43504a889cf1775e3",
    "https://deno.land/std@0.175.0/node/_core.ts": "32a72a2166688d0051db7771e76af823d87a19e84ed073604a0bf4fa2706403f",
    "https://deno.land/std@0.175.0/node/_utils.ts": "7fd55872a0cf9275e3c080a60e2fa6d45b8de9e956ebcde9053e72a344185884",
    "https://deno.land/std@0.175.0/node/internal/crypto/_keys.ts": "8f3c3b5a141aa0331a53c205e9338655f1b3b307a08085fd6ff6dda6f7c4190b",
    "https://deno.land/std@0.175.0/node/internal/crypto/constants.ts": "544d605703053218499b08214f2e25cf4310651d535b7ab995891c4b7a217693",
    "https://deno.land/std@0.175.0/node/internal/error_codes.ts": "8495e33f448a484518d76fa3d41d34fc20fe03c14b30130ad8e936b0035d4b8b",
    "https://deno.land/std@0.175.0/node/internal/errors.ts": "1c699b8a3cb93174f697a348c004b1c6d576b66688eac8a48ebb78e65c720aae",
    "https://deno.land/std@0.175.0/node/internal/hide_stack_frames.ts": "9dd1bad0a6e62a1042ce3a51eb1b1ecee2f246907bff44835f86e8f021de679a",
    "https://deno.land/std@0.175.0/node/internal/normalize_encoding.mjs": "fd1d9df61c44d7196432f6e8244621468715131d18cc79cd299fc78ac549f707",
    "https://deno.land/std@0.175.0/node/internal/util/inspect.mjs": "11d7c9cab514b8e485acc3978c74b837263ff9c08ae4537fa18ad56bae633259",
    "https://deno.land/std@0.175.0/node/internal/util/types.ts": "4f3625ea39111eaae1443c834e769b0c5ce9ea33b31d5a853b02af6a78105178",
    "https://deno.land/std@0.175.0/node/internal/validators.mjs": "e02f2b02dd072a5d623970292588d541204dc82207b4c58985d933a5f4b382e6",
    "https://deno.land/std@0.175.0/node/internal_binding/_libuv_winerror.ts": "30c9569603d4b97a1f1a034d88a3f74800d5ea1f12fcc3d225c9899d4e1a518b",
    "https://deno.land/std@0.175.0/node/internal_binding/_winerror.ts": "3e8cfdfe22e89f13d2b28529bab35155e6b1730c0221ec5a6fc7077dc037be13",
    "https://deno.land/std@0.175.0/node/internal_binding/constants.ts": "21ff9d1ee71d0a2086541083a7711842fc6ae25e264dbf45c73815aadce06f4c",
    "https://deno.land/std@0.175.0/node/internal_binding/types.ts": "5a658bf08975af30d0fad6fa6247274379be26ba3f023425bec03e61c74083ef",
    "https://deno.land/std@0.175.0/node/internal_binding/util.ts": "808ff3b92740284184ab824adfc420e75398c88c8bccf5111f0c24ac18c48f10",
    "https://deno.land/std@0.175.0/node/internal_binding/uv.ts": "eb0048e30af4db407fb3f95563e30d70efd6187051c033713b0a5b768593a3a3",
    "https://deno.land/std@0.175.0/node/path.ts": "1c6aa9101554136525b368e8280f0f78136d4071dd71ad3a70477f27d9e4dd91",
    "https://deno.land/std@0.175.0/node/path/_constants.ts": "2e2f68b8679cbf0ef118de8e5719e90cfb091de17d4a7c026c911b6772e6a247",
    "https://deno.land/std@0.175.0/node/path/_interface.ts": "c67d76726d0f86ea62ec68d17f11d50680c4659a60a0ea6dcd2488109435b4ce",
    "https://deno.land/std@0.175.0/node/path/_util.ts": "44deaf5bbd947eafb3439ea7208d0625e231c5f55c421fe83f5ef91218dcd28c",
    "https://deno.land/std@0.175.0/node/path/common.ts": "ee7505ab01fd22de3963b64e46cff31f40de34f9f8de1fff6a1bd2fe79380000",
    "https://deno.land/std@0.175.0/node/path/glob.ts": "b5fc2aed74aa7511cfd07d52dcd595cc18cd7ca431326a664e735d8905d85ce8",
    "https://deno.land/std@0.175.0/node/path/mod.ts": "cad27b16a7a3a8c2bb3ad1ba68a63d11e4fb616d63fd55c95e399a0a3a927be2",
    "https://deno.land/std@0.175.0/node/path/posix.ts": "a066e77f554358a82b4a693726faa41932f02f5bcd520f07afb6b2372e62484d",
    "https://deno.land/std@0.175.0/node/path/separator.ts": "5cfefe182e88bc8138022475703a9b39b13250c79bf234cdc6e3be9afd639662",
    "https://deno.land/std@0.175.0/node/path/win32.ts": "3a1b21948e0063cf1ac1c6834ef3ed633b5405f107be01aadfaedd2088b57eef",
    "https://deno.land/x/pogo@v0.6.0/dependencies.ts": "0af98b3c28bb3eef5356bd37698ce60a7f0c90615f79d5d68f6ed0e2f7b66c6e",
    "https://deno.land/x/pogo@v0.6.0/lib/bang.ts": "9b6dc1db3adbcde198b145e17cc08dcd8c5423d3975fbf6f41280af7d7c886d2",
    "https://deno.land/x/pogo@v0.6.0/lib/components/directory-listing.tsx": "777da6a4d4317ba88f7ec2a1b640e1d939fe370ec843a829496bad79290a609c",
    "https://deno.land/x/pogo@v0.6.0/lib/helpers/directory.tsx": "600d3ec118557ae553bbae5a6ccb66e043ebb7e36cbb0500b1bb98d8eeefc476",
    "https://deno.land/x/pogo@v0.6.0/lib/helpers/file.ts": "14bf844a65089f7559ecc6c9334893993da359d22439a6d0beee1bfcc9efd868",
    "https://deno.land/x/pogo@v0.6.0/lib/request.ts": "8b6b1c9c963fc1e100180fc7b805453db41c7d32a9106096c409d3e9bc41c788",
    "https://deno.land/x/pogo@v0.6.0/lib/response.ts": "5a673f1f20c2ebb7421597424d8087fd0af7ace00d6c04485354582d69c2edfc",
    "https://deno.land/x/pogo@v0.6.0/lib/router.ts": "4c2a3af0df72180e4dc4696d50458f51c68e28b5444fb0687f664a5430ca0295",
    "https://deno.land/x/pogo@v0.6.0/lib/server.ts": "ef9ec562919b98b033e6016cd55bfac1bcfe015e8f61ac81a4a672fc7e83e36c",
    "https://deno.land/x/pogo@v0.6.0/lib/toolkit.ts": "23584a527b6534080856a9fff9de748cd06cf7c373e92f1e6ff44fb5f4c06a8d",
    "https://deno.land/x/pogo@v0.6.0/lib/types.ts": "b3585878e7c9b2bdf2b24ff2919ab37f119403d0dc5401be8fb2ede3381ba188",
    "https://deno.land/x/pogo@v0.6.0/lib/util/is-path-inside.ts": "1f04a7873076c27410fa6cc1320f33c415ee5870c10f9465b13db0119c541bd4",
    "https://deno.land/x/pogo@v0.6.0/lib/util/read-dir-stats.ts": "0335af669825065c74ead2dbdc5fce40acc9630d4e20250241eb9e0e80a46d89",
    "https://deno.land/x/pogo@v0.6.0/main.ts": "744a8c286bcc34e620efcf3450d63af0ecea985dede38be367f4705a202d5f93",
    "https://esm.sh/mime-types@2.1.35": "1fccaf00254e8bb7241650dcd99f53aa6dd93d481606299f66fea24af25f959a",
    "https://esm.sh/react-dom@18.2.0/server": "fd466de2edcac867a437748173ab4c21916e2ad9efba440d2c411ac61d1c6d05",
    "https://esm.sh/react@18.2.0": "84aa07282d2f3c843f7d56daeae0be41ceae768391c4418f7358dd64e8fe4eca",
    "https://esm.sh/stable/react@18.2.0/deno/react.js": "0113c672572d23a90490f1b03731866a18bbbfe2ab4ff8e52c2e91b60c4188f0",
    "https://esm.sh/v106/@types/mime-types@2.1.1/index.d.ts": "c757372a092924f5c16eaf11a1475b80b95bb4dae49fe3242d2ad908f97d5abe",
    "https://esm.sh/v106/@types/prop-types@15.7.5/index.d.ts": "6a386ff939f180ae8ef064699d8b7b6e62bc2731a62d7fbf5e02589383838dea",
    "https://esm.sh/v106/@types/react-dom@18.0.11/server~.d.ts": "73810d1d55ae1b9c5b2f2e94c810a5403c53ca349279d3f88cf4ec4efd4d7df4",
    "https://esm.sh/v106/@types/react@18.0.26/global.d.ts": "bbdf156fea2fabed31a569445835aeedcc33643d404fcbaa54541f06c109df3f",
    "https://esm.sh/v106/@types/react@18.0.26/index.d.ts": "fe112ce80d32be7e9d902b548b4c22def6abde352f93b150a59bda7934ae2964",
    "https://esm.sh/v106/@types/react@18.0.27/global.d.ts": "bbdf156fea2fabed31a569445835aeedcc33643d404fcbaa54541f06c109df3f",
    "https://esm.sh/v106/@types/react@18.0.27/index.d.ts": "fe112ce80d32be7e9d902b548b4c22def6abde352f93b150a59bda7934ae2964",
    "https://esm.sh/v106/@types/scheduler@0.16.2/tracing.d.ts": "f5a8b384f182b3851cec3596ccc96cb7464f8d3469f48c74bf2befb782a19de5",
    "https://esm.sh/v106/csstype@3.1.1/index.d.ts": "1c29793071152b207c01ea1954e343be9a44d85234447b2b236acae9e709a383",
    "https://esm.sh/v106/mime-db@1.52.0/deno/mime-db.js": "ed2d2041f51d2f5c9dd900afe0b1c56eaf0a2d408a053af256ec0b670d287db7",
    "https://esm.sh/v106/mime-types@2.1.35/deno/mime-types.js": "7ff8977290b234a97a1a3da0f5777f06a6f564a6873b51f3c952de935414d68c",
    "https://esm.sh/v106/react-dom@18.2.0/deno/server.js": "dfdbaf0d863eeb9c62c4db1aa34401e5266c18e999103d87ee665c381429ee5e"
  }
}
